
Microsoft Visual Studio Solution File, Format Version 12.00
Project("{2150E333-8FDC-42A3-9474-1A3956D46DE8}") = "src", "src", "{77B859A2-B55A-4A79-B220-A6857306B66C}"
EndProject
Project("{2150E333-8FDC-42A3-9474-1A3956D46DE8}") = "project", "project", "{443DC19E-325B-416A-828F-B81484409C9E}"
EndProject
Project("{2150E333-8FDC-42A3-9474-1A3956D46DE8}") = "cores", "cores", "{78D2E6BF-117B-47B7-849C-480CAA91E227}"
EndProject
Project("{FAE04EC0-301F-11D3-BF4B-00C04F79EFBC}") = "Core.CrossCuttingConcerns", "src\cores\Core.CrossCuttingConcerns\Core.CrossCuttingConcerns.csproj", "{D6791AE1-30E0-4C24-B846-4E682B2BFC28}"
EndProject
Project("{FAE04EC0-301F-11D3-BF4B-00C04F79EFBC}") = "Core.Persistence", "src\cores\Core.Persistence\Core.Persistence.csproj", "{9032A16D-A5CA-4B60-9844-A2B7E95F95CF}"
EndProject
Project("{FAE04EC0-301F-11D3-BF4B-00C04F79EFBC}") = "TwixterR.Application", "src\project\TwixterR.Application\TwixterR.Application.csproj", "{387798E7-655A-4C79-AC84-EE9D4AD1133E}"
EndProject
Project("{FAE04EC0-301F-11D3-BF4B-00C04F79EFBC}") = "TwixterR.Domain", "src\project\TwixterR.Domain\TwixterR.Domain.csproj", "{402502E0-059A-4E22-AD35-3AD7DF3D1946}"
EndProject
Project("{FAE04EC0-301F-11D3-BF4B-00C04F79EFBC}") = "TwixterR.Persistence", "src\project\TwixterR.Persistence\TwixterR.Persistence.csproj", "{562033D1-60DB-4CD4-BF3A-6ED99AD63CBA}"
EndProject
Project("{FAE04EC0-301F-11D3-BF4B-00C04F79EFBC}") = "TwixterR.Presentation", "src\project\TwixterR.Presentation\TwixterR.Presentation.csproj", "{99BD061C-97DD-4145-AE5B-DF48064E6713}"
EndProject
Global
	GlobalSection(SolutionConfigurationPlatforms) = preSolution
		Debug|Any CPU = Debug|Any CPU
		Release|Any CPU = Release|Any CPU
	EndGlobalSection
	GlobalSection(NestedProjects) = preSolution
		{443DC19E-325B-416A-828F-B81484409C9E} = {77B859A2-B55A-4A79-B220-A6857306B66C}
		{78D2E6BF-117B-47B7-849C-480CAA91E227} = {77B859A2-B55A-4A79-B220-A6857306B66C}
		{D6791AE1-30E0-4C24-B846-4E682B2BFC28} = {78D2E6BF-117B-47B7-849C-480CAA91E227}
		{9032A16D-A5CA-4B60-9844-A2B7E95F95CF} = {78D2E6BF-117B-47B7-849C-480CAA91E227}
		{387798E7-655A-4C79-AC84-EE9D4AD1133E} = {443DC19E-325B-416A-828F-B81484409C9E}
		{402502E0-059A-4E22-AD35-3AD7DF3D1946} = {443DC19E-325B-416A-828F-B81484409C9E}
		{562033D1-60DB-4CD4-BF3A-6ED99AD63CBA} = {443DC19E-325B-416A-828F-B81484409C9E}
		{99BD061C-97DD-4145-AE5B-DF48064E6713} = {443DC19E-325B-416A-828F-B81484409C9E}
	EndGlobalSection
	GlobalSection(ProjectConfigurationPlatforms) = postSolution
		{D6791AE1-30E0-4C24-B846-4E682B2BFC28}.Debug|Any CPU.ActiveCfg = Debug|Any CPU
		{D6791AE1-30E0-4C24-B846-4E682B2BFC28}.Debug|Any CPU.Build.0 = Debug|Any CPU
		{D6791AE1-30E0-4C24-B846-4E682B2BFC28}.Release|Any CPU.ActiveCfg = Release|Any CPU
		{D6791AE1-30E0-4C24-B846-4E682B2BFC28}.Release|Any CPU.Build.0 = Release|Any CPU
		{9032A16D-A5CA-4B60-9844-A2B7E95F95CF}.Debug|Any CPU.ActiveCfg = Debug|Any CPU
		{9032A16D-A5CA-4B60-9844-A2B7E95F95CF}.Debug|Any CPU.Build.0 = Debug|Any CPU
		{9032A16D-A5CA-4B60-9844-A2B7E95F95CF}.Release|Any CPU.ActiveCfg = Release|Any CPU
		{9032A16D-A5CA-4B60-9844-A2B7E95F95CF}.Release|Any CPU.Build.0 = Release|Any CPU
		{387798E7-655A-4C79-AC84-EE9D4AD1133E}.Debug|Any CPU.ActiveCfg = Debug|Any CPU
		{387798E7-655A-4C79-AC84-EE9D4AD1133E}.Debug|Any CPU.Build.0 = Debug|Any CPU
		{387798E7-655A-4C79-AC84-EE9D4AD1133E}.Release|Any CPU.ActiveCfg = Release|Any CPU
		{387798E7-655A-4C79-AC84-EE9D4AD1133E}.Release|Any CPU.Build.0 = Release|Any CPU
		{402502E0-059A-4E22-AD35-3AD7DF3D1946}.Debug|Any CPU.ActiveCfg = Debug|Any CPU
		{402502E0-059A-4E22-AD35-3AD7DF3D1946}.Debug|Any CPU.Build.0 = Debug|Any CPU
		{402502E0-059A-4E22-AD35-3AD7DF3D1946}.Release|Any CPU.ActiveCfg = Release|Any CPU
		{402502E0-059A-4E22-AD35-3AD7DF3D1946}.Release|Any CPU.Build.0 = Release|Any CPU
		{562033D1-60DB-4CD4-BF3A-6ED99AD63CBA}.Debug|Any CPU.ActiveCfg = Debug|Any CPU
		{562033D1-60DB-4CD4-BF3A-6ED99AD63CBA}.Debug|Any CPU.Build.0 = Debug|Any CPU
		{562033D1-60DB-4CD4-BF3A-6ED99AD63CBA}.Release|Any CPU.ActiveCfg = Release|Any CPU
		{562033D1-60DB-4CD4-BF3A-6ED99AD63CBA}.Release|Any CPU.Build.0 = Release|Any CPU
		{99BD061C-97DD-4145-AE5B-DF48064E6713}.Debug|Any CPU.ActiveCfg = Debug|Any CPU
		{99BD061C-97DD-4145-AE5B-DF48064E6713}.Debug|Any CPU.Build.0 = Debug|Any CPU
		{99BD061C-97DD-4145-AE5B-DF48064E6713}.Release|Any CPU.ActiveCfg = Release|Any CPU
		{99BD061C-97DD-4145-AE5B-DF48064E6713}.Release|Any CPU.Build.0 = Release|Any CPU
	EndGlobalSection
EndGlobal
